
Microsoft Visual Studio Solution File, Format Version 12.00
# Visual Studio 15
VisualStudioVersion = 15.0.28307.106
MinimumVisualStudioVersion = 10.0.40219.1
Project("{FAE04EC0-301F-11D3-BF4B-00C04F79EFBC}") = "WebsiteForReservation", "WebsiteForReservation\WebsiteForReservation.csproj", "{E86A432B-357C-4B14-AD69-B5D07439015C}"
EndProject
Global
	GlobalSection(SolutionConfigurationPlatforms) = preSolution
		Debug|Any CPU = Debug|Any CPU
		Release|Any CPU = Release|Any CPU
	EndGlobalSection
	GlobalSection(ProjectConfigurationPlatforms) = postSolution
		{E86A432B-357C-4B14-AD69-B5D07439015C}.Debug|Any CPU.ActiveCfg = Debug|Any CPU
		{E86A432B-357C-4B14-AD69-B5D07439015C}.Debug|Any CPU.Build.0 = Debug|Any CPU
		{E86A432B-357C-4B14-AD69-B5D07439015C}.Release|Any CPU.ActiveCfg = Release|Any CPU
		{E86A432B-357C-4B14-AD69-B5D07439015C}.Release|Any CPU.Build.0 = Release|Any CPU
	EndGlobalSection
	GlobalSection(SolutionProperties) = preSolution
		HideSolutionNode = FALSE
	EndGlobalSection
	GlobalSection(ExtensibilityGlobals) = postSolution
		SolutionGuid = {6CB46745-25D2-4C2C-A6F1-C4BBE4956FBB}
	EndGlobalSection
EndGlobal
